
Microsoft Visual Studio Solution File, Format Version 12.00
# Visual Studio Version 17
VisualStudioVersion = 17.14.37027.9
MinimumVisualStudioVersion = 10.0.40219.1
Project("{FAE04EC0-301F-11D3-BF4B-00C04F79EFBC}") = "TelaLogin", "TelaLogin\TelaLogin.csproj", "{8FA52682-1110-46F4-9B26-8562E14ED3CA}"
EndProject
Global
	GlobalSection(SolutionConfigurationPlatforms) = preSolution
		Debug|Any CPU = Debug|Any CPU
		Release|Any CPU = Release|Any CPU
	EndGlobalSection
	GlobalSection(ProjectConfigurationPlatforms) = postSolution
		{8FA52682-1110-46F4-9B26-8562E14ED3CA}.Debug|Any CPU.ActiveCfg = Debug|Any CPU
		{8FA52682-1110-46F4-9B26-8562E14ED3CA}.Debug|Any CPU.Build.0 = Debug|Any CPU
		{8FA52682-1110-46F4-9B26-8562E14ED3CA}.Release|Any CPU.ActiveCfg = Release|Any CPU
		{8FA52682-1110-46F4-9B26-8562E14ED3CA}.Release|Any CPU.Build.0 = Release|Any CPU
	EndGlobalSection
	GlobalSection(SolutionProperties) = preSolution
		HideSolutionNode = FALSE
	EndGlobalSection
	GlobalSection(ExtensibilityGlobals) = postSolution
		SolutionGuid = {AFC056BC-3208-40A8-BC72-9D41FA1FD46E}
	EndGlobalSection
EndGlobal
